
Microsoft Visual Studio Solution File, Format Version 12.00
# Visual Studio Version 16
VisualStudioVersion = 16.0.30114.105
MinimumVisualStudioVersion = 10.0.40219.1
Project("{FAE04EC0-301F-11D3-BF4B-00C04F79EFBC}") = "blazorserver", "blazorserver\blazorserver.csproj", "{07AB544B-87E2-4B12-9CA0-1F70BCE2E14D}"
EndProject
Global
	GlobalSection(SolutionConfigurationPlatforms) = preSolution
		Debug|Any CPU = Debug|Any CPU
		Release|Any CPU = Release|Any CPU
	EndGlobalSection
	GlobalSection(SolutionProperties) = preSolution
		HideSolutionNode = FALSE
	EndGlobalSection
	GlobalSection(ProjectConfigurationPlatforms) = postSolution
		{07AB544B-87E2-4B12-9CA0-1F70BCE2E14D}.Debug|Any CPU.ActiveCfg = Debug|Any CPU
		{07AB544B-87E2-4B12-9CA0-1F70BCE2E14D}.Debug|Any CPU.Build.0 = Debug|Any CPU
		{07AB544B-87E2-4B12-9CA0-1F70BCE2E14D}.Release|Any CPU.ActiveCfg = Release|Any CPU
		{07AB544B-87E2-4B12-9CA0-1F70BCE2E14D}.Release|Any CPU.Build.0 = Release|Any CPU
	EndGlobalSection
EndGlobal
